
Microsoft Visual Studio Solution File, Format Version 12.00
# Visual Studio 2012
Project("{FAE04EC0-301F-11D3-BF4B-00C04F79EFBC}") = "generator", "generator\generator.csproj", "{6265EA8A-F146-4B35-AEAC-108912E80420}"
EndProject
Global
	GlobalSection(SolutionConfigurationPlatforms) = preSolution
		Debug|Any CPU = Debug|Any CPU
		Release|Any CPU = Release|Any CPU
	EndGlobalSection
	GlobalSection(ProjectConfigurationPlatforms) = postSolution
		{6265EA8A-F146-4B35-AEAC-108912E80420}.Debug|Any CPU.ActiveCfg = Debug|Any CPU
		{6265EA8A-F146-4B35-AEAC-108912E80420}.Debug|Any CPU.Build.0 = Debug|Any CPU
		{6265EA8A-F146-4B35-AEAC-108912E80420}.Release|Any CPU.ActiveCfg = Release|Any CPU
		{6265EA8A-F146-4B35-AEAC-108912E80420}.Release|Any CPU.Build.0 = Release|Any CPU
	EndGlobalSection
	GlobalSection(SolutionProperties) = preSolution
		HideSolutionNode = FALSE
	EndGlobalSection
EndGlobal
